# THIS IS AN AUTOGENERATED FILE. DO NOT EDIT THIS FILE DIRECTLY.
# yarn lockfile v1


chart.js@^2.7.2:
  version "2.7.2"
  resolved "https://registry.yarnpkg.com/chart.js/-/chart.js-2.7.2.tgz#3c9fde4dc5b95608211bdefeda7e5d33dffa5714"
  dependencies:
    chartjs-color "^2.1.0"
    moment "^2.10.2"

chartjs-color-string@^0.5.0:
  version "0.5.0"
  resolved "https://registry.yarnpkg.com/chartjs-color-string/-/chartjs-color-string-0.5.0.tgz#8d3752d8581d86687c35bfe2cb80ac5213ceb8c1"
  dependencies:
    color-name "^1.0.0"

chartjs-color@^2.1.0:
  version "2.2.0"
  resolved "https://registry.yarnpkg.com/chartjs-color/-/chartjs-color-2.2.0.tgz#84a2fb755787ed85c39dd6dd8c7b1d88429baeae"
  dependencies:
    chartjs-color-string "^0.5.0"
    color-convert "^0.5.3"

color-convert@^0.5.3:
  version "0.5.3"
  resolved "https://registry.yarnpkg.com/color-convert/-/color-convert-0.5.3.tgz#bdb6c69ce660fadffe0b0007cc447e1b9f7282bd"

color-name@^1.0.0:
  version "1.1.3"
  resolved "https://registry.yarnpkg.com/color-name/-/color-name-1.1.3.tgz#a7d0558bd89c42f795dd42328f740831ca53bc25"

"js-tokens@^3.0.0 || ^4.0.0":
  version "4.0.0"
  resolved "https://registry.yarnpkg.com/js-tokens/-/js-tokens-4.0.0.tgz#19203fb59991df98e3a287050d4647cdeaf32499"

lodash@^4.17.4:
  version "4.17.10"
  resolved "https://registry.yarnpkg.com/lodash/-/lodash-4.17.10.tgz#1b7793cf7259ea38fb3661d4d38b3260af8ae4e7"

loose-envify@^1.3.1:
  version "1.4.0"
  resolved "https://registry.yarnpkg.com/loose-envify/-/loose-envify-1.4.0.tgz#71ee51fa7be4caec1a63839f7e682d8132d30caf"
  dependencies:
    js-tokens "^3.0.0 || ^4.0.0"

moment@^2.10.2:
  version "2.22.2"
  resolved "https://registry.yarnpkg.com/moment/-/moment-2.22.2.tgz#3c257f9839fc0e93ff53149632239eb90783ff66"

object-assign@^4.1.1:
  version "4.1.1"
  resolved "https://registry.yarnpkg.com/object-assign/-/object-assign-4.1.1.tgz#2109adc7965887cfc05cbbd442cac8bfbb360863"

prop-types@^15.5.8:
  version "15.6.2"
  resolved "https://registry.yarnpkg.com/prop-types/-/prop-types-15.6.2.tgz#05d5ca77b4453e985d60fc7ff8c859094a497102"
  dependencies:
    loose-envify "^1.3.1"
    object-assign "^4.1.1"

react-chartjs-2@^2.7.4:
  version "2.7.4"
  resolved "https://registry.yarnpkg.com/react-chartjs-2/-/react-chartjs-2-2.7.4.tgz#e41ea4e81491dc78347111126a48e96ee57db1a6"
  dependencies:
    lodash "^4.17.4"
    prop-types "^15.5.8"
